
Microsoft Visual Studio Solution File, Format Version 12.00
Project("{2150E333-8FDC-42A3-9474-1A3956D46DE8}") = "src", "src", "{2A2A2DEC-812C-476A-A285-3AA08CBE9A52}"
EndProject
Project("{2150E333-8FDC-42A3-9474-1A3956D46DE8}") = "tests", "tests", "{3AC342AE-2CD8-4AF4-A430-C363CE2B0247}"
EndProject
Project("{FAE04EC0-301F-11D3-BF4B-00C04F79EFBC}") = "WidgetsBE.Application", "WidgetsBE.Application\WidgetsBE.Application.csproj", "{D4C096F1-76B9-4B83-87E0-1B70BA1953FA}"
EndProject
Project("{FAE04EC0-301F-11D3-BF4B-00C04F79EFBC}") = "WidgetsBE.Api.GrpcLibrary", "WidgetsBE.Api.GrpcLibrary\WidgetsBE.Api.GrpcLibrary.csproj", "{467EA24B-5849-4EC1-833B-29A2E51E00F2}"
EndProject
Project("{FAE04EC0-301F-11D3-BF4B-00C04F79EFBC}") = "WidgetsBE.Api", "WidgetsBE.Api\WidgetsBE.Api.csproj", "{18FFE72D-DC4E-472C-AD51-0A7C8927AFF2}"
EndProject
Project("{FAE04EC0-301F-11D3-BF4B-00C04F79EFBC}") = "WidgetsBE.Persistence", "WidgetsBE.Persistence\WidgetsBE.Persistence.csproj", "{C02274FE-BF01-4B40-A58D-2B9DA0A7F6C7}"
EndProject
Global
	GlobalSection(SolutionConfigurationPlatforms) = preSolution
		Debug|Any CPU = Debug|Any CPU
		Release|Any CPU = Release|Any CPU
	EndGlobalSection
	GlobalSection(ProjectConfigurationPlatforms) = postSolution
		{D4C096F1-76B9-4B83-87E0-1B70BA1953FA}.Debug|Any CPU.ActiveCfg = Debug|Any CPU
		{D4C096F1-76B9-4B83-87E0-1B70BA1953FA}.Debug|Any CPU.Build.0 = Debug|Any CPU
		{D4C096F1-76B9-4B83-87E0-1B70BA1953FA}.Release|Any CPU.ActiveCfg = Release|Any CPU
		{D4C096F1-76B9-4B83-87E0-1B70BA1953FA}.Release|Any CPU.Build.0 = Release|Any CPU
		{467EA24B-5849-4EC1-833B-29A2E51E00F2}.Debug|Any CPU.ActiveCfg = Debug|Any CPU
		{467EA24B-5849-4EC1-833B-29A2E51E00F2}.Debug|Any CPU.Build.0 = Debug|Any CPU
		{467EA24B-5849-4EC1-833B-29A2E51E00F2}.Release|Any CPU.ActiveCfg = Release|Any CPU
		{467EA24B-5849-4EC1-833B-29A2E51E00F2}.Release|Any CPU.Build.0 = Release|Any CPU
		{18FFE72D-DC4E-472C-AD51-0A7C8927AFF2}.Debug|Any CPU.ActiveCfg = Debug|Any CPU
		{18FFE72D-DC4E-472C-AD51-0A7C8927AFF2}.Debug|Any CPU.Build.0 = Debug|Any CPU
		{18FFE72D-DC4E-472C-AD51-0A7C8927AFF2}.Release|Any CPU.ActiveCfg = Release|Any CPU
		{18FFE72D-DC4E-472C-AD51-0A7C8927AFF2}.Release|Any CPU.Build.0 = Release|Any CPU
		{C02274FE-BF01-4B40-A58D-2B9DA0A7F6C7}.Debug|Any CPU.ActiveCfg = Debug|Any CPU
		{C02274FE-BF01-4B40-A58D-2B9DA0A7F6C7}.Debug|Any CPU.Build.0 = Debug|Any CPU
		{C02274FE-BF01-4B40-A58D-2B9DA0A7F6C7}.Release|Any CPU.ActiveCfg = Release|Any CPU
		{C02274FE-BF01-4B40-A58D-2B9DA0A7F6C7}.Release|Any CPU.Build.0 = Release|Any CPU
	EndGlobalSection
	GlobalSection(NestedProjects) = preSolution
		{D4C096F1-76B9-4B83-87E0-1B70BA1953FA} = {2A2A2DEC-812C-476A-A285-3AA08CBE9A52}
		{467EA24B-5849-4EC1-833B-29A2E51E00F2} = {2A2A2DEC-812C-476A-A285-3AA08CBE9A52}
		{18FFE72D-DC4E-472C-AD51-0A7C8927AFF2} = {2A2A2DEC-812C-476A-A285-3AA08CBE9A52}
		{C02274FE-BF01-4B40-A58D-2B9DA0A7F6C7} = {2A2A2DEC-812C-476A-A285-3AA08CBE9A52}
	EndGlobalSection
EndGlobal
